// !$*UTF8*$!
{
	archiveVersion = 1;
	classes = {
	};
	objectVersion = 46;
	objects = {

/* Begin PBXBuildFile section */
		83C6E7261D3F3FBC0063EF11 /* AppDelegate.swift in Sources */ = {isa = PBXBuildFile; fileRef = 83C6E7251D3F3FBC0063EF11 /* AppDelegate.swift */; };
		83C6E7281D3F3FBC0063EF11 /* ViewController.swift in Sources */ = {isa = PBXBuildFile; fileRef = 83C6E7271D3F3FBC0063EF11 /* ViewController.swift */; };
		83C6E72B1D3F3FBC0063EF11 /* Main.storyboard in Resources */ = {isa = PBXBuildFile; fileRef = 83C6E7291D3F3FBC0063EF11 /* Main.storyboard */; };
		83C6E72D1D3F3FBC0063EF11 /* Assets.xcassets in Resources */ = {isa = PBXBuildFile; fileRef = 83C6E72C1D3F3FBC0063EF11 /* Assets.xcassets */; };
		83C6E7301D3F3FBC0063EF11 /* LaunchScreen.storyboard in Resources */ = {isa = PBXBuildFile; fileRef = 83C6E72E1D3F3FBC0063EF11 /* LaunchScreen.storyboard */; };
/* End PBXBuildFile section */

/* Begin PBXFileReference section */
		83C6E7221D3F3FBC0063EF11 /* PokeFinderDev.app */ = {isa = PBXFileReference; explicitFileType = wrapper.application; includeInIndex = 0; path = PokeFinderDev.app; sourceTree = BUILT_PRODUCTS_DIR; };
		83C6E7251D3F3FBC0063EF11 /* AppDelegate.swift */ = {isa = PBXFileReference; lastKnownFileType = sourcecode.swift; path = AppDelegate.swift; sourceTree = "<group>"; };
		83C6E7271D3F3FBC0063EF11 /* ViewController.swift */ = {isa = PBXFileReference; lastKnownFileType = sourcecode.swift; path = ViewController.swift; sourceTree = "<group>"; };
		83C6E72A1D3F3FBC0063EF11 /* Base */ = {isa = PBXFileReference; lastKnownFileType = file.storyboard; name = Base; path = Base.lproj/Main.storyboard; sourceTree = "<group>"; };
		83C6E72C1D3F3FBC0063EF11 /* Assets.xcassets */ = {isa = PBXFileReference; lastKnownFileType = folder.assetcatalog; path = Assets.xcassets; sourceTree = "<group>"; };
		83C6E72F1D3F3FBC0063EF11 /* Base */ = {isa = PBXFileReference; lastKnownFileType = file.storyboard; name = Base; path = Base.lproj/LaunchScreen.storyboard; sourceTree = "<group>"; };
		83C6E7311D3F3FBC0063EF11 /* Info.plist */ = {isa = PBXFileReference; lastKnownFileType = text.plist.xml; path = Info.plist; sourceTree = "<group>"; };
/* End PBXFileReference section */

/* Begin PBXFrameworksBuildPhase section */
		83C6E71F1D3F3FBC0063EF11 /* Frameworks */ = {
			isa = PBXFrameworksBuildPhase;
			buildActionMask = 2147483647;
			files = (
			);
			runOnlyForDeploymentPostprocessing = 0;
		};
/* End PBXFrameworksBuildPhase section */

/* Begin PBXGroup section */
		83C6E7191D3F3FBC0063EF11 = {
			isa = PBXGroup;
			children = (
				83C6E7241D3F3FBC0063EF11 /* PokeFinderDev */,
				83C6E7231D3F3FBC0063EF11 /* Products */,
			);
			sourceTree = "<group>";
		};
		83C6E7231D3F3FBC0063EF11 /* Products */ = {
			isa = PBXGroup;
			children = (
				83C6E7221D3F3FBC0063EF11 /* PokeFinderDev.app */,
			);
			name = Products;
			sourceTree = "<group>";
		};
		83C6E7241D3F3FBC0063EF11 /* PokeFinderDev */ = {
			isa = PBXGroup;
			children = (
				83C6E7251D3F3FBC0063EF11 /* AppDelegate.swift */,
				83C6E7271D3F3FBC0063EF11 /* ViewController.swift */,
				83C6E7291D3F3FBC0063EF11 /* Main.storyboard */,
				83C6E72C1D3F3FBC0063EF11 /* Assets.xcassets */,
				83C6E72E1D3F3FBC0063EF11 /* LaunchScreen.storyboard */,
				83C6E7311D3F3FBC0063EF11 /* Info.plist */,
			);
			path = PokeFinderDev;
			sourceTree = "<group>";
		};
/* End PBXGroup section */

/* Begin PBXNativeTarget section */
		83C6E7211D3F3FBC0063EF11 /* PokeFinderDev */ = {
			isa = PBXNativeTarget;
			buildConfigurationList = 83C6E7341D3F3FBC0063EF11 /* Build configuration list for PBXNativeTarget "PokeFinderDev" */;
			buildPhases = (
				83C6E71E1D3F3FBC0063EF11 /* Sources */,
				83C6E71F1D3F3FBC0063EF11 /* Frameworks */,
				83C6E7201D3F3FBC0063EF11 /* Resources */,
			);
			buildRules = (
			);
			dependencies = (
			);
			name = PokeFinderDev;
			productName = PokeFinderDev;
			productReference = 83C6E7221D3F3FBC0063EF11 /* PokeFinderDev.app */;
			productType = "com.apple.product-type.application";
		};
/* End PBXNativeTarget section */

/* Begin PBXProject section */
		83C6E71A1D3F3FBC0063EF11 /* Project object */ = {
			isa = PBXProject;
			attributes = {
				LastSwiftUpdateCheck = 0800;
				LastUpgradeCheck = 0800;
				ORGANIZATIONNAME = "Mark Price";
				TargetAttributes = {
					83C6E7211D3F3FBC0063EF11 = {
						CreatedOnToolsVersion = 8.0;
						DevelopmentTeam = NUW936ZHH8;
						DevelopmentTeamName = "Devslopes, LLC";
						ProvisioningStyle = Automatic;
					};
				};
			};
			buildConfigurationList = 83C6E71D1D3F3FBC0063EF11 /* Build configuration list for PBXProject "PokeFinderDev" */;
			compatibilityVersion = "Xcode 3.2";
			developmentRegion = English;
			hasScannedForEncodings = 0;
			knownRegions = (
				en,
				Base,
			);
			mainGroup = 83C6E7191D3F3FBC0063EF11;
			productRefGroup = 83C6E7231D3F3FBC0063EF11 /* Products */;
			projectDirPath = "";
			projectRoot = "";
			targets = (
				83C6E7211D3F3FBC0063EF11 /* PokeFinderDev */,
			);
		};
/* End PBXProject section */

/* Begin PBXResourcesBuildPhase section */
		83C6E7201D3F3FBC0063EF11 /* Resources */ = {
			isa = PBXResourcesBuildPhase;
			buildActionMask = 2147483647;
			files = (
				83C6E7301D3F3FBC0063EF11 /* LaunchScreen.storyboard in Resources */,
				83C6E72D1D3F3FBC0063EF11 /* Assets.xcassets in Resources */,
				83C6E72B1D3F3FBC0063EF11 /* Main.storyboard in Resources */,
			);
			runOnlyForDeploymentPostprocessing = 0;
		};
/* End PBXResourcesBuildPhase section */

/* Begin PBXSourcesBuildPhase section */
		83C6E71E1D3F3FBC0063EF11 /* Sources */ = {
			isa = PBXSourcesBuildPhase;
			buildActionMask = 2147483647;
			files = (
				83C6E7281D3F3FBC0063EF11 /* ViewController.swift in Sources */,
				83C6E7261D3F3FBC0063EF11 /* AppDelegate.swift in Sources */,
			);
			runOnlyForDeploymentPostprocessing = 0;
		};
/* End PBXSourcesBuildPhase section */

/* Begin PBXVariantGroup section */
		83C6E7291D3F3FBC0063EF11 /* Main.storyboard */ = {
			isa = PBXVariantGroup;
			children = (
				83C6E72A1D3F3FBC0063EF11 /* Base */,
			);
			name = Main.storyboard;
			sourceTree = "<group>";
		};
		83C6E72E1D3F3FBC0063EF11 /* LaunchScreen.storyboard */ = {
			isa = PBXVariantGroup;
			children = (
				83C6E72F1D3F3FBC0063EF11 /* Base */,
			);
			name = LaunchScreen.storyboard;
			sourceTree = "<group>";
		};
/* End PBXVariantGroup section */

/* Begin XCBuildConfiguration section */
		83C6E7321D3F3FBC0063EF11 /* Debug */ = {
			isa = XCBuildConfiguration;
			buildSettings = {
				ALWAYS_SEARCH_USER_PATHS = NO;
				CLANG_ANALYZER_NONNULL = YES;
				CLANG_CXX_LANGUAGE_STANDARD = "gnu++0x";
				CLANG_CXX_LIBRARY = "libc++";
				CLANG_ENABLE_MODULES = YES;
				CLANG_ENABLE_OBJC_ARC = YES;
				CLANG_WARN_BOOL_CONVERSION = YES;
				CLANG_WARN_CONSTANT_CONVERSION = YES;
				CLANG_WARN_DIRECT_OBJC_ISA_USAGE = YES_ERROR;
				CLANG_WARN_DOCUMENTATION_COMMENTS = YES;
				CLANG_WARN_EMPTY_BODY = YES;
				CLANG_WARN_ENUM_CONVERSION = YES;
				CLANG_WARN_INT_CONVERSION = YES;
				CLANG_WARN_OBJC_ROOT_CLASS = YES_ERROR;
				CLANG_WARN_UNREACHABLE_CODE = YES;
				CLANG_WARN__DUPLICATE_METHOD_MATCH = YES;
				"CODE_SIGN_IDENTITY[sdk=iphoneos*]" = "iPhone Developer";
				COPY_PHASE_STRIP = NO;
				DEBUG_INFORMATION_FORMAT = dwarf;
				ENABLE_STRICT_OBJC_MSGSEND = YES;
				ENABLE_TESTABILITY = YES;
				GCC_C_LANGUAGE_STANDARD = gnu99;
				GCC_DYNAMIC_NO_PIC = NO;
				GCC_NO_COMMON_BLOCKS = YES;
				GCC_OPTIMIZATION_LEVEL = 0;
				GCC_PREPROCESSOR_DEFINITIONS = (
					"DEBUG=1",
					"$(inherited)",
				);
				GCC_WARN_64_TO_32_BIT_CONVERSION = YES;
				GCC_WARN_ABOUT_RETURN_TYPE = YES_ERROR;
				GCC_WARN_UNDECLARED_SELECTOR = YES;
				GCC_WARN_UNINITIALIZED_AUTOS = YES_AGGRESSIVE;
				GCC_WARN_UNUSED_FUNCTION = YES;
				GCC_WARN_UNUSED_VARIABLE = YES;
				IPHONEOS_DEPLOYMENT_TARGET = 10.0;
				MTL_ENABLE_DEBUG_INFO = YES;
				ONLY_ACTIVE_ARCH = YES;
				SDKROOT = iphoneos;
				SWIFT_ACTIVE_COMPILATION_CONDITIONS = DEBUG;
				SWIFT_OPTIMIZATION_LEVEL = "-Onone";
				TARGETED_DEVICE_FAMILY = "1,2";
			};
			name = Debug;
		};
		83C6E7331D3F3FBC0063EF11 /* Release */ = {
			isa = XCBuildConfiguration;
			buildSettings = {
				ALWAYS_SEARCH_USER_PATHS = NO;
				CLANG_ANALYZER_NONNULL = YES;
				CLANG_CXX_LANGUAGE_STANDARD = "gnu++0x";
				CLANG_CXX_LIBRARY = "libc++";
				CLANG_ENABLE_MODULES = YES;
				CLANG_ENABLE_OBJC_ARC = YES;
				CLANG_WARN_BOOL_CONVERSION = YES;
				CLANG_WARN_CONSTANT_CONVERSION = YES;
				CLANG_WARN_DIRECT_OBJC_ISA_USAGE = YES_ERROR;
				CLANG_WARN_DOCUMENTATION_COMMENTS = YES;
				CLANG_WARN_EMPTY_BODY = YES;
				CLANG_WARN_ENUM_CONVERSION = YES;
				CLANG_WARN_INT_CONVERSION = YES;
				CLANG_WARN_OBJC_ROOT_CLASS = YES_ERROR;
				CLANG_WARN_UNREACHABLE_CODE = YES;
				CLANG_WARN__DUPLICATE_METHOD_MATCH = YES;
				"CODE_SIGN_IDENTITY[sdk=iphoneos*]" = "iPhone Developer";
				COPY_PHASE_STRIP = NO;
				DEBUG_INFORMATION_FORMAT = "dwarf-with-dsym";
				ENABLE_NS_ASSERTIONS = NO;
				ENABLE_STRICT_OBJC_MSGSEND = YES;
				GCC_C_LANGUAGE_STANDARD = gnu99;
				GCC_NO_COMMON_BLOCKS = YES;
				GCC_WARN_64_TO_32_BIT_CONVERSION = YES;
				GCC_WARN_ABOUT_RETURN_TYPE = YES_ERROR;
				GCC_WARN_UNDECLARED_SELECTOR = YES;
				GCC_WARN_UNINITIALIZED_AUTOS = YES_AGGRESSIVE;
				GCC_WARN_UNUSED_FUNCTION = YES;
				GCC_WARN_UNUSED_VARIABLE = YES;
				IPHONEOS_DEPLOYMENT_TARGET = 10.0;
				MTL_ENABLE_DEBUG_INFO = NO;
				SDKROOT = iphoneos;
				SWIFT_OPTIMIZATION_LEVEL = "-Owholemodule";
				TARGETED_DEVICE_FAMILY = "1,2";
				VALIDATE_PRODUCT = YES;
			};
			name = Release;
		};
		83C6E7351D3F3FBC0063EF11 /* Debug */ = {
			isa = XCBuildConfiguration;
			buildSettings = {
				ASSETCATALOG_COMPILER_APPICON_NAME = AppIcon;
				INFOPLIST_FILE = PokeFinderDev/Info.plist;
				LD_RUNPATH_SEARCH_PATHS = "$(inherited) @executable_path/Frameworks";
				PRODUCT_BUNDLE_IDENTIFIER = com.devslopes.PokeFinderDev;
				PRODUCT_NAME = "$(TARGET_NAME)";
				SWIFT_VERSION = 3.0;
			};
			name = Debug;
		};
		83C6E7361D3F3FBC0063EF11 /* Release */ = {
			isa = XCBuildConfiguration;
			buildSettings = {
				ASSETCATALOG_COMPILER_APPICON_NAME = AppIcon;
				INFOPLIST_FILE = PokeFinderDev/Info.plist;
				LD_RUNPATH_SEARCH_PATHS = "$(inherited) @executable_path/Frameworks";
				PRODUCT_BUNDLE_IDENTIFIER = com.devslopes.PokeFinderDev;
				PRODUCT_NAME = "$(TARGET_NAME)";
				SWIFT_VERSION = 3.0;
			};
			name = Release;
		};
/* End XCBuildConfiguration section */

/* Begin XCConfigurationList section */
		83C6E71D1D3F3FBC0063EF11 /* Build configuration list for PBXProject "PokeFinderDev" */ = {
			isa = XCConfigurationList;
			buildConfigurations = (
				83C6E7321D3F3FBC0063EF11 /* Debug */,
				83C6E7331D3F3FBC0063EF11 /* Release */,
			);
			defaultConfigurationIsVisible = 0;
			defaultConfigurationName = Release;
		};
		83C6E7341D3F3FBC0063EF11 /* Build configuration list for PBXNativeTarget "PokeFinderDev" */ = {
			isa = XCConfigurationList;
			buildConfigurations = (
				83C6E7351D3F3FBC0063EF11 /* Debug */,
				83C6E7361D3F3FBC0063EF11 /* Release */,
			);
			defaultConfigurationIsVisible = 0;
		};
/* End XCConfigurationList section */
	};
	rootObject = 83C6E71A1D3F3FBC0063EF11 /* Project object */;
}
